
Microsoft Visual Studio Solution File, Format Version 12.00
# Visual Studio Version 16
VisualStudioVersion = 16.0.30011.22
MinimumVisualStudioVersion = 10.0.40219.1
Project("{9A19103F-16F7-4668-BE54-9A1E7A4F7556}") = "Cencinai.Data", "Cencinai.Data\Cencinai.Data.csproj", "{823DAB2B-693F-463F-87FF-383B254BB011}"
EndProject
Project("{FAE04EC0-301F-11D3-BF4B-00C04F79EFBC}") = "Cencinai.Logic", "Cencinai.Logic\Cencinai.Logic.csproj", "{EE5D1961-7062-450D-B35E-0AB55D147851}"
EndProject
Project("{FAE04EC0-301F-11D3-BF4B-00C04F79EFBC}") = "Cencinai.Web", "Cencinai.Web\Cencinai.Web.csproj", "{39547017-F6B3-4AC2-9492-2A0A0DEBE7CE}"
EndProject
Global
	GlobalSection(SolutionConfigurationPlatforms) = preSolution
		Debug|Any CPU = Debug|Any CPU
		Release|Any CPU = Release|Any CPU
	EndGlobalSection
	GlobalSection(ProjectConfigurationPlatforms) = postSolution
		{823DAB2B-693F-463F-87FF-383B254BB011}.Debug|Any CPU.ActiveCfg = Debug|Any CPU
		{823DAB2B-693F-463F-87FF-383B254BB011}.Debug|Any CPU.Build.0 = Debug|Any CPU
		{823DAB2B-693F-463F-87FF-383B254BB011}.Release|Any CPU.ActiveCfg = Release|Any CPU
		{823DAB2B-693F-463F-87FF-383B254BB011}.Release|Any CPU.Build.0 = Release|Any CPU
		{EE5D1961-7062-450D-B35E-0AB55D147851}.Debug|Any CPU.ActiveCfg = Debug|Any CPU
		{EE5D1961-7062-450D-B35E-0AB55D147851}.Debug|Any CPU.Build.0 = Debug|Any CPU
		{EE5D1961-7062-450D-B35E-0AB55D147851}.Release|Any CPU.ActiveCfg = Release|Any CPU
		{EE5D1961-7062-450D-B35E-0AB55D147851}.Release|Any CPU.Build.0 = Release|Any CPU
		{39547017-F6B3-4AC2-9492-2A0A0DEBE7CE}.Debug|Any CPU.ActiveCfg = Debug|Any CPU
		{39547017-F6B3-4AC2-9492-2A0A0DEBE7CE}.Debug|Any CPU.Build.0 = Debug|Any CPU
		{39547017-F6B3-4AC2-9492-2A0A0DEBE7CE}.Release|Any CPU.ActiveCfg = Release|Any CPU
		{39547017-F6B3-4AC2-9492-2A0A0DEBE7CE}.Release|Any CPU.Build.0 = Release|Any CPU
	EndGlobalSection
	GlobalSection(SolutionProperties) = preSolution
		HideSolutionNode = FALSE
	EndGlobalSection
	GlobalSection(ExtensibilityGlobals) = postSolution
		SolutionGuid = {996CCFBD-9B31-4800-9C4A-E5A8A4296BA0}
	EndGlobalSection
EndGlobal
